
Microsoft Visual Studio Solution File, Format Version 12.00
# Visual Studio 15
VisualStudioVersion = 15.0.27130.2020
MinimumVisualStudioVersion = 10.0.40219.1
Project("{FAE04EC0-301F-11D3-BF4B-00C04F79EFBC}") = "DbSession.Core", "DbSession.Core\DbSession.Core.csproj", "{EF2B88AC-BAF1-498E-93A9-B899A45F93F3}"
EndProject
Project("{FAE04EC0-301F-11D3-BF4B-00C04F79EFBC}") = "DbSession.Core.Tests", "DbSession.Core.Tests\DbSession.Core.Tests.csproj", "{8326C66E-C61F-4F39-A6A9-ADFC6A0E74C8}"
EndProject
Project("{FAE04EC0-301F-11D3-BF4B-00C04F79EFBC}") = "DbSession.Sqlite", "DbSession.Sqlite\DbSession.Sqlite.csproj", "{F3F88EDE-92CE-4369-A3FA-F56FF3019592}"
EndProject
Project("{FAE04EC0-301F-11D3-BF4B-00C04F79EFBC}") = "DbSession.Sqlite.Tests", "DbSession.Sqlite.Tests\DbSession.Sqlite.Tests.csproj", "{1DBEC79E-AD11-471A-990D-C6C6B94003E8}"
EndProject
Global
	GlobalSection(SolutionConfigurationPlatforms) = preSolution
		Debug|Any CPU = Debug|Any CPU
		Release|Any CPU = Release|Any CPU
	EndGlobalSection
	GlobalSection(ProjectConfigurationPlatforms) = postSolution
		{EF2B88AC-BAF1-498E-93A9-B899A45F93F3}.Debug|Any CPU.ActiveCfg = Debug|Any CPU
		{EF2B88AC-BAF1-498E-93A9-B899A45F93F3}.Debug|Any CPU.Build.0 = Debug|Any CPU
		{EF2B88AC-BAF1-498E-93A9-B899A45F93F3}.Release|Any CPU.ActiveCfg = Release|Any CPU
		{EF2B88AC-BAF1-498E-93A9-B899A45F93F3}.Release|Any CPU.Build.0 = Release|Any CPU
		{8326C66E-C61F-4F39-A6A9-ADFC6A0E74C8}.Debug|Any CPU.ActiveCfg = Debug|Any CPU
		{8326C66E-C61F-4F39-A6A9-ADFC6A0E74C8}.Debug|Any CPU.Build.0 = Debug|Any CPU
		{8326C66E-C61F-4F39-A6A9-ADFC6A0E74C8}.Release|Any CPU.ActiveCfg = Release|Any CPU
		{8326C66E-C61F-4F39-A6A9-ADFC6A0E74C8}.Release|Any CPU.Build.0 = Release|Any CPU
		{F3F88EDE-92CE-4369-A3FA-F56FF3019592}.Debug|Any CPU.ActiveCfg = Debug|Any CPU
		{F3F88EDE-92CE-4369-A3FA-F56FF3019592}.Debug|Any CPU.Build.0 = Debug|Any CPU
		{F3F88EDE-92CE-4369-A3FA-F56FF3019592}.Release|Any CPU.ActiveCfg = Release|Any CPU
		{F3F88EDE-92CE-4369-A3FA-F56FF3019592}.Release|Any CPU.Build.0 = Release|Any CPU
		{1DBEC79E-AD11-471A-990D-C6C6B94003E8}.Debug|Any CPU.ActiveCfg = Debug|Any CPU
		{1DBEC79E-AD11-471A-990D-C6C6B94003E8}.Debug|Any CPU.Build.0 = Debug|Any CPU
		{1DBEC79E-AD11-471A-990D-C6C6B94003E8}.Release|Any CPU.ActiveCfg = Release|Any CPU
		{1DBEC79E-AD11-471A-990D-C6C6B94003E8}.Release|Any CPU.Build.0 = Release|Any CPU
	EndGlobalSection
	GlobalSection(SolutionProperties) = preSolution
		HideSolutionNode = FALSE
	EndGlobalSection
	GlobalSection(ExtensibilityGlobals) = postSolution
		SolutionGuid = {F555D43B-C6F0-4958-A1A9-CD6E6D26FB08}
	EndGlobalSection
EndGlobal
